
Microsoft Visual Studio Solution File, Format Version 12.00
# Visual Studio 2013
VisualStudioVersion = 12.0.30501.0
MinimumVisualStudioVersion = 10.0.40219.1
Project("{8BC9CEB8-8B4A-11D0-8D11-00A0C91BC942}") = "AddTwoNumbers", "AddTwoNumbers\AddTwoNumbers.vcxproj", "{47C21D7A-2F5C-456D-9851-A36B561838AD}"
EndProject
Project("{8BC9CEB8-8B4A-11D0-8D11-00A0C91BC942}") = "TwoSum", "TwoSum\TwoSum.vcxproj", "{03BA2D91-741A-452B-A676-7B148D50C074}"
EndProject
Project("{8BC9CEB8-8B4A-11D0-8D11-00A0C91BC942}") = "ZedTest", "ZedTest\ZedTest.vcxproj", "{EA034943-CE75-478F-A6F4-7B552A7FD5B8}"
EndProject
Project("{8BC9CEB8-8B4A-11D0-8D11-00A0C91BC942}") = "LongestSubstringWithoutRepeatingCharacters", "LongestSubstringWithoutRepeatingCharacters\LongestSubstringWithoutRepeatingCharacters.vcxproj", "{BC8D5293-C15A-4D58-8D31-1532E17A2C1D}"
EndProject
Global
	GlobalSection(SolutionConfigurationPlatforms) = preSolution
		Debug|Win32 = Debug|Win32
		Release|Win32 = Release|Win32
	EndGlobalSection
	GlobalSection(ProjectConfigurationPlatforms) = postSolution
		{47C21D7A-2F5C-456D-9851-A36B561838AD}.Debug|Win32.ActiveCfg = Debug|Win32
		{47C21D7A-2F5C-456D-9851-A36B561838AD}.Debug|Win32.Build.0 = Debug|Win32
		{47C21D7A-2F5C-456D-9851-A36B561838AD}.Release|Win32.ActiveCfg = Release|Win32
		{47C21D7A-2F5C-456D-9851-A36B561838AD}.Release|Win32.Build.0 = Release|Win32
		{03BA2D91-741A-452B-A676-7B148D50C074}.Debug|Win32.ActiveCfg = Debug|Win32
		{03BA2D91-741A-452B-A676-7B148D50C074}.Debug|Win32.Build.0 = Debug|Win32
		{03BA2D91-741A-452B-A676-7B148D50C074}.Release|Win32.ActiveCfg = Release|Win32
		{03BA2D91-741A-452B-A676-7B148D50C074}.Release|Win32.Build.0 = Release|Win32
		{EA034943-CE75-478F-A6F4-7B552A7FD5B8}.Debug|Win32.ActiveCfg = Debug|Win32
		{EA034943-CE75-478F-A6F4-7B552A7FD5B8}.Debug|Win32.Build.0 = Debug|Win32
		{EA034943-CE75-478F-A6F4-7B552A7FD5B8}.Release|Win32.ActiveCfg = Release|Win32
		{EA034943-CE75-478F-A6F4-7B552A7FD5B8}.Release|Win32.Build.0 = Release|Win32
		{BC8D5293-C15A-4D58-8D31-1532E17A2C1D}.Debug|Win32.ActiveCfg = Debug|Win32
		{BC8D5293-C15A-4D58-8D31-1532E17A2C1D}.Debug|Win32.Build.0 = Debug|Win32
		{BC8D5293-C15A-4D58-8D31-1532E17A2C1D}.Release|Win32.ActiveCfg = Release|Win32
		{BC8D5293-C15A-4D58-8D31-1532E17A2C1D}.Release|Win32.Build.0 = Release|Win32
	EndGlobalSection
	GlobalSection(SolutionProperties) = preSolution
		HideSolutionNode = FALSE
	EndGlobalSection
EndGlobal
